{
  "name": "wd201-l2",
  "version": "1.0.0",
  "lockfileVersion": 2,
  "requires": true,
  "packages": {
    "": {
      "name": "wd201-l2",
      "version": "1.0.0",
      "license": "ISC",
      "dependencies": {
        "minimist": "^1.2.7",
        "minimst": "^0.0.1-security"
      }
    },
    "node_modules/minimist": {
      "version": "1.2.7",
      "resolved": "https://registry.npmjs.org/minimist/-/minimist-1.2.7.tgz",
      "integrity": "sha512-bzfL1YUZsP41gmu/qjrEk0Q6i2ix/cVeAhbCbqH9u3zYutS1cLg00qhrD0M2MVdCcx4Sc0UpP2eBWo9rotpq6g==",
      "funding": {
        "url": "https://github.com/sponsors/ljharb"
      }
    },
    "node_modules/minimst": {
      "version": "0.0.1-security",
      "resolved": "https://registry.npmjs.org/minimst/-/minimst-0.0.1-security.tgz",
      "integrity": "sha512-2cCmYInODaDezdSO+DmpDBHLJW84rH4URsLNi1h9kfjWdK7zgydQy2w3cSsRCNfN+FnXOF/m6rErGkiasWyrdQ=="
    }
  },
  "dependencies": {
    "minimist": {
      "version": "1.2.7",
      "resolved": "https://registry.npmjs.org/minimist/-/minimist-1.2.7.tgz",
      "integrity": "sha512-bzfL1YUZsP41gmu/qjrEk0Q6i2ix/cVeAhbCbqH9u3zYutS1cLg00qhrD0M2MVdCcx4Sc0UpP2eBWo9rotpq6g=="
    },
    "minimst": {
      "version": "0.0.1-security",
      "resolved": "https://registry.npmjs.org/minimst/-/minimst-0.0.1-security.tgz",
      "integrity": "sha512-2cCmYInODaDezdSO+DmpDBHLJW84rH4URsLNi1h9kfjWdK7zgydQy2w3cSsRCNfN+FnXOF/m6rErGkiasWyrdQ=="
    }
  }
}
